
Microsoft Visual Studio Solution File, Format Version 12.00
# Visual Studio 14
VisualStudioVersion = 14.0.24720.0
MinimumVisualStudioVersion = 10.0.40219.1
Project("{2150E333-8FDC-42A3-9474-1A3956D46DE8}") = "src", "src", "{CBF3BA31-AE47-4DAD-8D38-4D74D091B509}"
EndProject
Project("{2150E333-8FDC-42A3-9474-1A3956D46DE8}") = "Solution Items", "Solution Items", "{A9A6DF28-3304-4DE2-B81C-88E804F80808}"
	ProjectSection(SolutionItems) = preProject
		global.json = global.json
	EndProjectSection
EndProject
Project("{8BB2217D-0F2D-49D1-97BC-3654ED321F3B}") = "WebApplication4", "src\WebApplication4\WebApplication4.xproj", "{27D36ADD-0DC9-4692-9955-5FD6020EF194}"
EndProject
Global
	GlobalSection(SolutionConfigurationPlatforms) = preSolution
		Debug|Any CPU = Debug|Any CPU
		Release|Any CPU = Release|Any CPU
	EndGlobalSection
	GlobalSection(ProjectConfigurationPlatforms) = postSolution
		{27D36ADD-0DC9-4692-9955-5FD6020EF194}.Debug|Any CPU.ActiveCfg = Debug|Any CPU
		{27D36ADD-0DC9-4692-9955-5FD6020EF194}.Debug|Any CPU.Build.0 = Debug|Any CPU
		{27D36ADD-0DC9-4692-9955-5FD6020EF194}.Release|Any CPU.ActiveCfg = Release|Any CPU
		{27D36ADD-0DC9-4692-9955-5FD6020EF194}.Release|Any CPU.Build.0 = Release|Any CPU
	EndGlobalSection
	GlobalSection(SolutionProperties) = preSolution
		HideSolutionNode = FALSE
	EndGlobalSection
	GlobalSection(NestedProjects) = preSolution
		{27D36ADD-0DC9-4692-9955-5FD6020EF194} = {CBF3BA31-AE47-4DAD-8D38-4D74D091B509}
	EndGlobalSection
EndGlobal
